
Microsoft Visual Studio Solution File, Format Version 12.00
# Visual Studio Version 17
VisualStudioVersion = 17.14.36623.8 d17.14
MinimumVisualStudioVersion = 10.0.40219.1
Project("{FAE04EC0-301F-11D3-BF4B-00C04F79EFBC}") = "WpfApp1", "WpfApp1\WpfApp1.csproj", "{AB5E646C-DA28-4D61-838F-80A91A80DF23}"
EndProject
Global
	GlobalSection(SolutionConfigurationPlatforms) = preSolution
		Debug|Any CPU = Debug|Any CPU
		Release|Any CPU = Release|Any CPU
	EndGlobalSection
	GlobalSection(ProjectConfigurationPlatforms) = postSolution
		{AB5E646C-DA28-4D61-838F-80A91A80DF23}.Debug|Any CPU.ActiveCfg = Debug|Any CPU
		{AB5E646C-DA28-4D61-838F-80A91A80DF23}.Debug|Any CPU.Build.0 = Debug|Any CPU
		{AB5E646C-DA28-4D61-838F-80A91A80DF23}.Release|Any CPU.ActiveCfg = Release|Any CPU
		{AB5E646C-DA28-4D61-838F-80A91A80DF23}.Release|Any CPU.Build.0 = Release|Any CPU
	EndGlobalSection
	GlobalSection(SolutionProperties) = preSolution
		HideSolutionNode = FALSE
	EndGlobalSection
	GlobalSection(ExtensibilityGlobals) = postSolution
		SolutionGuid = {DF4B15EA-864E-4E0D-904B-BE45D80E0DAF}
	EndGlobalSection
EndGlobal
